
Microsoft Visual Studio Solution File, Format Version 12.00
# Visual Studio Version 16
VisualStudioVersion = 16.0.29905.134
MinimumVisualStudioVersion = 10.0.40219.1
Project("{FAE04EC0-301F-11D3-BF4B-00C04F79EFBC}") = "MidiSequencer", "MidiSequencer\MidiSequencer.csproj", "{A61DC1E4-28B8-4B46-B44C-39921A395F28}"
EndProject
Global
	GlobalSection(SolutionConfigurationPlatforms) = preSolution
		Debug|Any CPU = Debug|Any CPU
		Debug|x64 = Debug|x64
		Release|Any CPU = Release|Any CPU
		Release|x64 = Release|x64
	EndGlobalSection
	GlobalSection(ProjectConfigurationPlatforms) = postSolution
		{A61DC1E4-28B8-4B46-B44C-39921A395F28}.Debug|Any CPU.ActiveCfg = Debug|Any CPU
		{A61DC1E4-28B8-4B46-B44C-39921A395F28}.Debug|Any CPU.Build.0 = Debug|Any CPU
		{A61DC1E4-28B8-4B46-B44C-39921A395F28}.Debug|x64.ActiveCfg = Debug|x64
		{A61DC1E4-28B8-4B46-B44C-39921A395F28}.Debug|x64.Build.0 = Debug|x64
		{A61DC1E4-28B8-4B46-B44C-39921A395F28}.Release|Any CPU.ActiveCfg = Release|Any CPU
		{A61DC1E4-28B8-4B46-B44C-39921A395F28}.Release|Any CPU.Build.0 = Release|Any CPU
		{A61DC1E4-28B8-4B46-B44C-39921A395F28}.Release|x64.ActiveCfg = Release|x64
		{A61DC1E4-28B8-4B46-B44C-39921A395F28}.Release|x64.Build.0 = Release|x64
	EndGlobalSection
	GlobalSection(SolutionProperties) = preSolution
		HideSolutionNode = FALSE
	EndGlobalSection
	GlobalSection(ExtensibilityGlobals) = postSolution
		SolutionGuid = {7B725357-64BE-40E5-A490-BEE53BA1F426}
	EndGlobalSection
EndGlobal
